{
  "name": "cnes-inventory-system-v1.7.8",
  "version": "1.0.0",
  "lockfileVersion": 3,
  "requires": true,
  "packages": {
    "": {
      "name": "cnes-inventory-system-v1.7.8",
      "version": "1.0.0",
      "license": "ISC",
      "dependencies": {
        "express": "^5.2.1"
      },
      "devDependencies": {}
    }
  }
}